PODS:
  - AppCheckCore (10.19.2):
    - GoogleUtilities/Environment (~> 7.13)
    - GoogleUtilities/UserDefaults (~> 7.13)
    - PromisesObjC (~> 2.3)
  - Firebase/Auth (10.29.0):
    - Firebase/CoreOnly
    - FirebaseAuth (~> 10.29.0)
  - Firebase/CoreOnly (10.29.0):
    - FirebaseCore (= 10.29.0)
  - firebase_app_check (0.3.0-4):
    - Firebase/CoreOnly (~> 10.29.0)
    - firebase_core
    - FirebaseAppCheck (~> 10.29.0)
    - Flutter
  - firebase_auth (5.1.4):
    - Firebase/Auth (= 10.29.0)
    - firebase_core
    - Flutter
  - firebase_core (3.3.0):
    - Firebase/CoreOnly (= 10.29.0)
    - Flutter
  - FirebaseAppCheck (10.29.0):
    - AppCheckCore (~> 10.19)
    - FirebaseAppCheckInterop (~> 10.28)
    - FirebaseCore (~> 10.18)
    - GoogleUtilities/Environment (~> 7.13)
    - GoogleUtilities/UserDefaults (~> 7.13)
    - PromisesObjC (~> 2.1)
  - FirebaseAppCheckInterop (10.29.0)
  - FirebaseAuth (10.29.0):
    - FirebaseAppCheckInterop (~> 10.17)
    - FirebaseCore (~> 10.0)
    - GoogleUtilities/AppDelegateSwizzler (~> 7.8)
    - GoogleUtilities/Environment (~> 7.8)
    - GTMSessionFetcher/Core (< 4.0, >= 2.1)
    - RecaptchaInterop (~> 100.0)
  - FirebaseCore (10.29.0):
    - FirebaseCoreInternal (~> 10.0)
    - GoogleUtilities/Environment (~> 7.12)
    - GoogleUtilities/Logger (~> 7.12)
  - FirebaseCoreInternal (10.29.0):
    - "GoogleUtilities/NSData+zlib (~> 7.8)"
  - Flutter (1.0.0)
  - GoogleUtilities/AppDelegateSwizzler (7.13.3):
    - GoogleUtilities/Environment
    - GoogleUtilities/Logger
    - GoogleUtilities/Network
    - GoogleUtilities/Privacy
  - GoogleUtilities/Environment (7.13.3):
    - GoogleUtilities/Privacy
    - PromisesObjC (< 3.0, >= 1.2)
  - GoogleUtilities/Logger (7.13.3):
    - GoogleUtilities/Environment
    - GoogleUtilities/Privacy
  - GoogleUtilities/Network (7.13.3):
    - GoogleUtilities/Logger
    - "GoogleUtilities/NSData+zlib"
    - GoogleUtilities/Privacy
    - GoogleUtilities/Reachability
  - "GoogleUtilities/NSData+zlib (7.13.3)":
    - GoogleUtilities/Privacy
  - GoogleUtilities/Privacy (7.13.3)
  - GoogleUtilities/Reachability (7.13.3):
    - GoogleUtilities/Logger
    - GoogleUtilities/Privacy
  - GoogleUtilities/UserDefaults (7.13.3):
    - GoogleUtilities/Logger
    - GoogleUtilities/Privacy
  - GTMSessionFetcher/Core (3.5.0)
  - image_picker_ios (0.0.1):
    - Flutter
  - PromisesObjC (2.4.0)
  - RecaptchaInterop (100.0.0)

DEPENDENCIES:
  - firebase_app_check (from `.symlinks/plugins/firebase_app_check/ios`)
  - firebase_auth (from `.symlinks/plugins/firebase_auth/ios`)
  - firebase_core (from `.symlinks/plugins/firebase_core/ios`)
  - Flutter (from `Flutter`)
  - image_picker_ios (from `.symlinks/plugins/image_picker_ios/ios`)

SPEC REPOS:
  trunk:
    - AppCheckCore
    - Firebase
    - FirebaseAppCheck
    - FirebaseAppCheckInterop
    - FirebaseAuth
    - FirebaseCore
    - FirebaseCoreInternal
    - GoogleUtilities
    - GTMSessionFetcher
    - PromisesObjC
    - RecaptchaInterop

EXTERNAL SOURCES:
  firebase_app_check:
    :path: ".symlinks/plugins/firebase_app_check/ios"
  firebase_auth:
    :path: ".symlinks/plugins/firebase_auth/ios"
  firebase_core:
    :path: ".symlinks/plugins/firebase_core/ios"
  Flutter:
    :path: Flutter
  image_picker_ios:
    :path: ".symlinks/plugins/image_picker_ios/ios"

SPEC CHECKSUMS:
  AppCheckCore: 9feb4300caa596a36416cde10674dc5bec1e022e
  Firebase: cec914dab6fd7b1bd8ab56ea07ce4e03dd251c2d
  firebase_app_check: bf48979c0d6d350452f3615eb1d557bacd3ff256
  firebase_auth: 8dbfcdd635cc4fb2ea213aeee8c9a979b3d3373b
  firebase_core: 57aeb91680e5d5e6df6b888064be7c785f146efb
  FirebaseAppCheck: a071fc2cfbc877898f7546b2d59d4a30a728ebae
  FirebaseAppCheckInterop: 6a1757cfd4067d8e00fccd14fcc1b8fd78cfac07
  FirebaseAuth: e2ebfaf9fb4638a1c9a3b0efd17d1b90943987cd
  FirebaseCore: 30e9c1cbe3d38f5f5e75f48bfcea87d7c358ec16
  FirebaseCoreInternal: df84dd300b561c27d5571684f389bf60b0a5c934
  Flutter: e0871f40cf51350855a761d2e70bf5af5b9b5de7
  GoogleUtilities: ea963c370a38a8069cc5f7ba4ca849a60b6d7d15
  GTMSessionFetcher: 5aea5ba6bd522a239e236100971f10cb71b96ab6
  image_picker_ios: c560581cceedb403a6ff17f2f816d7fea1421fc1
  PromisesObjC: f5707f49cb48b9636751c5b2e7d227e43fba9f47
  RecaptchaInterop: 7d1a4a01a6b2cb1610a47ef3f85f0c411434cb21

PODFILE CHECKSUM: a57f30d18f102dd3ce366b1d62a55ecbef2158e5

COCOAPODS: 1.15.2
